{
  "name": "aurelia-fast",
  "version": "1.0.0",
  "lockfileVersion": 1,
  "requires": true,
  "dependencies": {
    "@aurelia/kernel": {
      "version": "2.0.0-alpha.2",
      "resolved": "https://registry.npmjs.org/@aurelia/kernel/-/kernel-2.0.0-alpha.2.tgz",
      "integrity": "sha512-8fRiiW3kEKKDeB+KiM3Z6y4l1LbB5TZ/1x4eHpWD7rqX69XISarwj7N2rr2fmAfEUf2psMcOxxXZjp2LFnC0KQ==",
      "requires": {
        "@aurelia/metadata": "2.0.0-alpha.2",
        "@aurelia/platform": "2.0.0-alpha.2"
      }
    },
    "@aurelia/metadata": {
      "version": "2.0.0-alpha.2",
      "resolved": "https://registry.npmjs.org/@aurelia/metadata/-/metadata-2.0.0-alpha.2.tgz",
      "integrity": "sha512-K4npZSaaHQP6Ota2E0NQw3cXRW+w9PHtw9ACiHqp+whW3VM9f/cucXTWrq87OdSL8iEYtGe2BvyW4AJvvfUjug=="
    },
    "@aurelia/platform": {
      "version": "2.0.0-alpha.2",
      "resolved": "https://registry.npmjs.org/@aurelia/platform/-/platform-2.0.0-alpha.2.tgz",
      "integrity": "sha512-3sWLA0LrsGX0Nn7eTAEW6BMRSK5LdeJOfYpB7m+wZamqPb+NZgcssk65ML15/L29Fug/agNzx1bSMD0EkHyH1g=="
    },
    "@aurelia/platform-browser": {
      "version": "2.0.0-alpha.2",
      "resolved": "https://registry.npmjs.org/@aurelia/platform-browser/-/platform-browser-2.0.0-alpha.2.tgz",
      "integrity": "sha512-KRM8rO2P0gMIVAOFTuVro8TW62qRBXBgc+MnqjlHwZhuzHZgR2KRsUyC49/yHFyl+KwPQ5kssFoOEXnbcbcHwA==",
      "requires": {
        "@aurelia/platform": "2.0.0-alpha.2"
      }
    },
    "@aurelia/runtime": {
      "version": "2.0.0-alpha.2",
      "resolved": "https://registry.npmjs.org/@aurelia/runtime/-/runtime-2.0.0-alpha.2.tgz",
      "integrity": "sha512-B0DKQJ6N8j5sQlCf6qAUyZUjz9Mzmrm0eg95E55lAl0g4Ce1Qpy38o6U8v1WxgUU9Bdrtil1CzstzVrAu7CU+A==",
      "requires": {
        "@aurelia/kernel": "2.0.0-alpha.2",
        "@aurelia/metadata": "2.0.0-alpha.2",
        "@aurelia/platform": "2.0.0-alpha.2"
      }
    },
    "@aurelia/runtime-html": {
      "version": "2.0.0-alpha.2",
      "resolved": "https://registry.npmjs.org/@aurelia/runtime-html/-/runtime-html-2.0.0-alpha.2.tgz",
      "integrity": "sha512-74TmCKlWzFncyolgAjCMF6SCD7tW2KDUaOhmbDFy1N3FPJXfedv0Yd2iZElqYA1yMb+Lzf0Y8P1OaSw9yqujcg==",
      "requires": {
        "@aurelia/kernel": "2.0.0-alpha.2",
        "@aurelia/metadata": "2.0.0-alpha.2",
        "@aurelia/platform": "2.0.0-alpha.2",
        "@aurelia/platform-browser": "2.0.0-alpha.2",
        "@aurelia/runtime": "2.0.0-alpha.2"
      }
    },
    "@rollup/plugin-typescript": {
      "version": "8.2.1",
      "resolved": "https://registry.npmjs.org/@rollup/plugin-typescript/-/plugin-typescript-8.2.1.tgz",
      "integrity": "sha512-Qd2E1pleDR4bwyFxqbjt4eJf+wB0UKVMLc7/BAFDGVdAXQMCsD4DUv5/7/ww47BZCYxWtJqe1Lo0KVNswBJlRw==",
      "dev": true,
      "requires": {
        "@rollup/pluginutils": "^3.1.0",
        "resolve": "^1.17.0"
      }
    },
    "@rollup/pluginutils": {
      "version": "3.1.0",
      "resolved": "https://registry.npmjs.org/@rollup/pluginutils/-/pluginutils-3.1.0.tgz",
      "integrity": "sha512-GksZ6pr6TpIjHm8h9lSQ8pi8BE9VeubNT0OMJ3B5uZJ8pz73NPiqOtCog/x2/QzM1ENChPKxMDhiQuRHsqc+lg==",
      "dev": true,
      "requires": {
        "@types/estree": "0.0.39",
        "estree-walker": "^1.0.1",
        "picomatch": "^2.2.2"
      }
    },
    "@types/estree": {
      "version": "0.0.39",
      "resolved": "https://registry.npmjs.org/@types/estree/-/estree-0.0.39.tgz",
      "integrity": "sha512-EYNwp3bU+98cpU4lAWYYL7Zz+2gryWH1qbdDTidVd6hkiR6weksdbMadyXKXNPEkQFhXM+hVO9ZygomHXp+AIw==",
      "dev": true
    },
    "estree-walker": {
      "version": "1.0.1",
      "resolved": "https://registry.npmjs.org/estree-walker/-/estree-walker-1.0.1.tgz",
      "integrity": "sha512-1fMXF3YP4pZZVozF8j/ZLfvnR8NSIljt56UhbZ5PeeDmmGHpgpdwQt7ITlGvYaQukCvuBRMLEiKiYC+oeIg4cg==",
      "dev": true
    },
    "fsevents": {
      "version": "2.3.2",
      "resolved": "https://registry.npmjs.org/fsevents/-/fsevents-2.3.2.tgz",
      "integrity": "sha512-xiqMQR4xAeHTuB9uWm+fFRcIOgKBMiOBP+eXiyT7jsgVCq1bkVygt00oASowB7EdtpOHaaPgKt812P9ab+DDKA==",
      "dev": true,
      "optional": true
    },
    "function-bind": {
      "version": "1.1.1",
      "resolved": "https://registry.npmjs.org/function-bind/-/function-bind-1.1.1.tgz",
      "integrity": "sha512-yIovAzMX49sF8Yl58fSCWJ5svSLuaibPxXQJFLmBObTuCr0Mf1KiPopGM9NiFjiYBCbfaa2Fh6breQ6ANVTI0A==",
      "dev": true
    },
    "has": {
      "version": "1.0.3",
      "resolved": "https://registry.npmjs.org/has/-/has-1.0.3.tgz",
      "integrity": "sha512-f2dvO0VU6Oej7RkWJGrehjbzMAjFp5/VKPp5tTpWIV4JHHZK1/BxbFRtf/siA2SWTe09caDmVtYYzWEIbBS4zw==",
      "dev": true,
      "requires": {
        "function-bind": "^1.1.1"
      }
    },
    "is-core-module": {
      "version": "2.3.0",
      "resolved": "https://registry.npmjs.org/is-core-module/-/is-core-module-2.3.0.tgz",
      "integrity": "sha512-xSphU2KG9867tsYdLD4RWQ1VqdFl4HTO9Thf3I/3dLEfr0dbPTWKsuCKrgqMljg4nPE+Gq0VCnzT3gr0CyBmsw==",
      "dev": true,
      "requires": {
        "has": "^1.0.3"
      }
    },
    "path-parse": {
      "version": "1.0.6",
      "resolved": "https://registry.npmjs.org/path-parse/-/path-parse-1.0.6.tgz",
      "integrity": "sha512-GSmOT2EbHrINBf9SR7CDELwlJ8AENk3Qn7OikK4nFYAu3Ote2+JYNVvkpAEQm3/TLNEJFD/xZJjzyxg3KBWOzw==",
      "dev": true
    },
    "picomatch": {
      "version": "2.2.3",
      "resolved": "https://registry.npmjs.org/picomatch/-/picomatch-2.2.3.tgz",
      "integrity": "sha512-KpELjfwcCDUb9PeigTs2mBJzXUPzAuP2oPcA989He8Rte0+YUAjw1JVedDhuTKPkHjSYzMN3npC9luThGYEKdg==",
      "dev": true
    },
    "resolve": {
      "version": "1.20.0",
      "resolved": "https://registry.npmjs.org/resolve/-/resolve-1.20.0.tgz",
      "integrity": "sha512-wENBPt4ySzg4ybFQW2TT1zMQucPK95HSh/nq2CFTZVOGut2+pQvSsgtda4d26YrYcr067wjbmzOG8byDPBX63A==",
      "dev": true,
      "requires": {
        "is-core-module": "^2.2.0",
        "path-parse": "^1.0.6"
      }
    },
    "rollup": {
      "version": "2.47.0",
      "resolved": "https://registry.npmjs.org/rollup/-/rollup-2.47.0.tgz",
      "integrity": "sha512-rqBjgq9hQfW0vRmz+0S062ORRNJXvwRpzxhFXORvar/maZqY6za3rgQ/p1Glg+j1hnc1GtYyQCPiAei95uTElg==",
      "dev": true,
      "requires": {
        "fsevents": "~2.3.1"
      }
    },
    "tslib": {
      "version": "2.2.0",
      "resolved": "https://registry.npmjs.org/tslib/-/tslib-2.2.0.tgz",
      "integrity": "sha512-gS9GVHRU+RGn5KQM2rllAlR3dU6m7AcpJKdtH8gFvQiC4Otgk98XnmMU+nZenHt/+VhnBPWwgrJsyrdcw6i23w==",
      "dev": true
    },
    "typescript": {
      "version": "4.2.4",
      "resolved": "https://registry.npmjs.org/typescript/-/typescript-4.2.4.tgz",
      "integrity": "sha512-V+evlYHZnQkaz8TRBuxTA92yZBPotr5H+WhQ7bD3hZUndx5tGOa1fuCgeSjxAzM1RiN5IzvadIXTVefuuwZCRg==",
      "dev": true
    }
  }
}
